
Microsoft Visual Studio Solution File, Format Version 12.00
# Visual Studio Version 17
VisualStudioVersion = 17.7.34031.279
MinimumVisualStudioVersion = 10.0.40219.1
Project("{8BC9CEB8-8B4A-11D0-8D11-00A0C91BC942}") = "test10.7", "test10.7.vcxproj", "{D0188A97-4E27-4A75-BD12-C0C87D793585}"
EndProject
Global
	GlobalSection(SolutionConfigurationPlatforms) = preSolution
		Debug|x64 = Debug|x64
		Debug|x86 = Debug|x86
		Release|x64 = Release|x64
		Release|x86 = Release|x86
	EndGlobalSection
	GlobalSection(ProjectConfigurationPlatforms) = postSolution
		{D0188A97-4E27-4A75-BD12-C0C87D793585}.Debug|x64.ActiveCfg = Debug|x64
		{D0188A97-4E27-4A75-BD12-C0C87D793585}.Debug|x64.Build.0 = Debug|x64
		{D0188A97-4E27-4A75-BD12-C0C87D793585}.Debug|x86.ActiveCfg = Debug|Win32
		{D0188A97-4E27-4A75-BD12-C0C87D793585}.Debug|x86.Build.0 = Debug|Win32
		{D0188A97-4E27-4A75-BD12-C0C87D793585}.Release|x64.ActiveCfg = Release|x64
		{D0188A97-4E27-4A75-BD12-C0C87D793585}.Release|x64.Build.0 = Release|x64
		{D0188A97-4E27-4A75-BD12-C0C87D793585}.Release|x86.ActiveCfg = Release|Win32
		{D0188A97-4E27-4A75-BD12-C0C87D793585}.Release|x86.Build.0 = Release|Win32
	EndGlobalSection
	GlobalSection(SolutionProperties) = preSolution
		HideSolutionNode = FALSE
	EndGlobalSection
	GlobalSection(ExtensibilityGlobals) = postSolution
		SolutionGuid = {3A7DE98F-B5D2-466C-9DA2-CDAD7D6C0749}
	EndGlobalSection
EndGlobal
